
Microsoft Visual Studio Solution File, Format Version 12.00
# Visual Studio Version 17
VisualStudioVersion = 17.5.33502.453
MinimumVisualStudioVersion = 10.0.40219.1
Project("{2150E333-8FDC-42A3-9474-1A3956D46DE8}") = "Internal", "Internal", "{B2D3F290-6411-41FF-9CAF-78F98F7FD25C}"
	ProjectSection(SolutionItems) = preProject
		Internal\.editorconfig = Internal\.editorconfig
	EndProjectSection
EndProject
Project("{2150E333-8FDC-42A3-9474-1A3956D46DE8}") = "Scripts", "Scripts", "{D92B0554-1BA6-4697-BE49-75569E29E3A3}"
EndProject
Project("{2150E333-8FDC-42A3-9474-1A3956D46DE8}") = "Dlls", "Dlls", "{0EAA9F68-FC1E-4F7B-8671-9D6F7F30A105}"
	ProjectSection(SolutionItems) = preProject
		Dlls\ABOUT.md = Dlls\ABOUT.md
	EndProjectSection
EndProject
Project("{2150E333-8FDC-42A3-9474-1A3956D46DE8}") = "CompanionFiles", "CompanionFiles", "{8B8E6900-F029-4400-ACA1-FA5EFCBD2BB2}"
EndProject
Project("{2150E333-8FDC-42A3-9474-1A3956D46DE8}") = "Skyline DataMiner", "Skyline DataMiner", "{FF89A5C0-387B-44BE-B032-E39EDF716655}"
	ProjectSection(SolutionItems) = preProject
		CompanionFiles\Skyline DataMiner\AboutThisFolder.md = CompanionFiles\Skyline DataMiner\AboutThisFolder.md
	EndProjectSection
EndProject
Project("{2150E333-8FDC-42A3-9474-1A3956D46DE8}") = "Documentation", "Documentation", "{0330113B-070E-4164-A386-78C94AC6BB76}"
	ProjectSection(SolutionItems) = preProject
		Documentation\ABOUT.md = Documentation\ABOUT.md
		README.md = README.md
	EndProjectSection
EndProject
Project("{2150E333-8FDC-42A3-9474-1A3956D46DE8}") = "Tests", "Tests", "{F8938D60-51A0-4880-9CFC-19C66379BB5D}"
EndProject
Project("{2150E333-8FDC-42A3-9474-1A3956D46DE8}") = "Code Analysis", "Code Analysis", "{4803EC58-0CFE-4B80-9FEA-94F3140DEA81}"
	ProjectSection(SolutionItems) = preProject
		Internal\Code Analysis\qaction-debug.ruleset = Internal\Code Analysis\qaction-debug.ruleset
		Internal\Code Analysis\qaction-release.ruleset = Internal\Code Analysis\qaction-release.ruleset
		Internal\Code Analysis\stylecop.json = Internal\Code Analysis\stylecop.json
	EndProjectSection
EndProject
Project("{2150E333-8FDC-42A3-9474-1A3956D46DE8}") = "CreateRoute", "CreateRoute", "{E99C0D0B-E40B-4C95-B496-F6FD9F972875}"
	ProjectSection(SolutionItems) = preProject
		CreateRoute.xml = CreateRoute.xml
	EndProjectSection
EndProject
Project("{2150E333-8FDC-42A3-9474-1A3956D46DE8}") = "Actions", "Actions", "{2214E37A-2997-4548-8EA1-255374D2351F}"
EndProject
Project("{9A19103F-16F7-4668-BE54-9A1E7A4F7556}") = "CreateRoute_1", "CreateRoute_1\CreateRoute_1.csproj", "{D6A33855-350D-4F9B-9372-45DB001F1A10}"
EndProject
Project("{2150E333-8FDC-42A3-9474-1A3956D46DE8}") = "DeleteRoute", "DeleteRoute", "{903C477D-653F-4FD6-B7B2-51D0CA943397}"
	ProjectSection(SolutionItems) = preProject
		DeleteRoute.xml = DeleteRoute.xml
	EndProjectSection
EndProject
Project("{2150E333-8FDC-42A3-9474-1A3956D46DE8}") = "Actions", "Actions", "{248C871D-98BB-404F-8FB1-368D5E02B5B9}"
EndProject
Project("{9A19103F-16F7-4668-BE54-9A1E7A4F7556}") = "DeleteRoute_1", "DeleteRoute_1\DeleteRoute_1.csproj", "{BBA6F740-037C-4D6B-8A97-632F050BAD81}"
EndProject
Project("{2150E333-8FDC-42A3-9474-1A3956D46DE8}") = "DisconnectRoute", "DisconnectRoute", "{ABA92269-9536-413B-9031-264FEA3164C7}"
	ProjectSection(SolutionItems) = preProject
		DisconnectRoute.xml = DisconnectRoute.xml
	EndProjectSection
EndProject
Project("{2150E333-8FDC-42A3-9474-1A3956D46DE8}") = "Actions", "Actions", "{0E352065-E9CB-4DE2-83A4-61033E39B178}"
EndProject
Project("{9A19103F-16F7-4668-BE54-9A1E7A4F7556}") = "DisconnectRoute_1", "DisconnectRoute_1\DisconnectRoute_1.csproj", "{E367622B-6492-465C-AA19-476F912466F2}"
EndProject
Project("{2150E333-8FDC-42A3-9474-1A3956D46DE8}") = "GQI_EVSCerebrum_GetLevels", "GQI_EVSCerebrum_GetLevels", "{088763CA-F31E-41F5-9DAE-737962DA8030}"
	ProjectSection(SolutionItems) = preProject
		GQI_EVSCerebrum_GetLevels.xml = GQI_EVSCerebrum_GetLevels.xml
	EndProjectSection
EndProject
Project("{2150E333-8FDC-42A3-9474-1A3956D46DE8}") = "Actions", "Actions", "{A2C6DF6A-B662-4B9B-9480-7BA740E76EB5}"
EndProject
Project("{9A19103F-16F7-4668-BE54-9A1E7A4F7556}") = "GQI_EVSCerebrum_GetLevels_1", "GQI_EVSCerebrum_GetLevels_1\GQI_EVSCerebrum_GetLevels_1.csproj", "{53F997CB-7451-4B26-AA8F-2444A1D64E47}"
EndProject
Project("{2150E333-8FDC-42A3-9474-1A3956D46DE8}") = "GQI", "GQI", "{D0FB411C-10A6-47EA-B16E-EF1B8E52755E}"
EndProject
Project("{2150E333-8FDC-42A3-9474-1A3956D46DE8}") = "Routes", "Routes", "{46E99733-5D43-4E31-B09D-4C6C864D0367}"
EndProject
Global
	GlobalSection(SolutionConfigurationPlatforms) = preSolution
		Debug|Any CPU = Debug|Any CPU
		Release|Any CPU = Release|Any CPU
	EndGlobalSection
	GlobalSection(ProjectConfigurationPlatforms) = postSolution
		{D6A33855-350D-4F9B-9372-45DB001F1A10}.Debug|Any CPU.ActiveCfg = Debug|Any CPU
		{D6A33855-350D-4F9B-9372-45DB001F1A10}.Debug|Any CPU.Build.0 = Debug|Any CPU
		{D6A33855-350D-4F9B-9372-45DB001F1A10}.Release|Any CPU.ActiveCfg = Release|Any CPU
		{D6A33855-350D-4F9B-9372-45DB001F1A10}.Release|Any CPU.Build.0 = Release|Any CPU
		{BBA6F740-037C-4D6B-8A97-632F050BAD81}.Debug|Any CPU.ActiveCfg = Debug|Any CPU
		{BBA6F740-037C-4D6B-8A97-632F050BAD81}.Debug|Any CPU.Build.0 = Debug|Any CPU
		{BBA6F740-037C-4D6B-8A97-632F050BAD81}.Release|Any CPU.ActiveCfg = Release|Any CPU
		{BBA6F740-037C-4D6B-8A97-632F050BAD81}.Release|Any CPU.Build.0 = Release|Any CPU
		{E367622B-6492-465C-AA19-476F912466F2}.Debug|Any CPU.ActiveCfg = Debug|Any CPU
		{E367622B-6492-465C-AA19-476F912466F2}.Debug|Any CPU.Build.0 = Debug|Any CPU
		{E367622B-6492-465C-AA19-476F912466F2}.Release|Any CPU.ActiveCfg = Release|Any CPU
		{E367622B-6492-465C-AA19-476F912466F2}.Release|Any CPU.Build.0 = Release|Any CPU
		{53F997CB-7451-4B26-AA8F-2444A1D64E47}.Debug|Any CPU.ActiveCfg = Debug|Any CPU
		{53F997CB-7451-4B26-AA8F-2444A1D64E47}.Debug|Any CPU.Build.0 = Debug|Any CPU
		{53F997CB-7451-4B26-AA8F-2444A1D64E47}.Release|Any CPU.ActiveCfg = Release|Any CPU
		{53F997CB-7451-4B26-AA8F-2444A1D64E47}.Release|Any CPU.Build.0 = Release|Any CPU
	EndGlobalSection
	GlobalSection(SolutionProperties) = preSolution
		HideSolutionNode = FALSE
	EndGlobalSection
	GlobalSection(NestedProjects) = preSolution
		{FF89A5C0-387B-44BE-B032-E39EDF716655} = {8B8E6900-F029-4400-ACA1-FA5EFCBD2BB2}
		{4803EC58-0CFE-4B80-9FEA-94F3140DEA81} = {B2D3F290-6411-41FF-9CAF-78F98F7FD25C}
		{E99C0D0B-E40B-4C95-B496-F6FD9F972875} = {46E99733-5D43-4E31-B09D-4C6C864D0367}
		{2214E37A-2997-4548-8EA1-255374D2351F} = {E99C0D0B-E40B-4C95-B496-F6FD9F972875}
		{D6A33855-350D-4F9B-9372-45DB001F1A10} = {2214E37A-2997-4548-8EA1-255374D2351F}
		{903C477D-653F-4FD6-B7B2-51D0CA943397} = {46E99733-5D43-4E31-B09D-4C6C864D0367}
		{248C871D-98BB-404F-8FB1-368D5E02B5B9} = {903C477D-653F-4FD6-B7B2-51D0CA943397}
		{BBA6F740-037C-4D6B-8A97-632F050BAD81} = {248C871D-98BB-404F-8FB1-368D5E02B5B9}
		{ABA92269-9536-413B-9031-264FEA3164C7} = {46E99733-5D43-4E31-B09D-4C6C864D0367}
		{0E352065-E9CB-4DE2-83A4-61033E39B178} = {ABA92269-9536-413B-9031-264FEA3164C7}
		{E367622B-6492-465C-AA19-476F912466F2} = {0E352065-E9CB-4DE2-83A4-61033E39B178}
		{088763CA-F31E-41F5-9DAE-737962DA8030} = {D0FB411C-10A6-47EA-B16E-EF1B8E52755E}
		{A2C6DF6A-B662-4B9B-9480-7BA740E76EB5} = {088763CA-F31E-41F5-9DAE-737962DA8030}
		{53F997CB-7451-4B26-AA8F-2444A1D64E47} = {A2C6DF6A-B662-4B9B-9480-7BA740E76EB5}
		{D0FB411C-10A6-47EA-B16E-EF1B8E52755E} = {D92B0554-1BA6-4697-BE49-75569E29E3A3}
		{46E99733-5D43-4E31-B09D-4C6C864D0367} = {D92B0554-1BA6-4697-BE49-75569E29E3A3}
	EndGlobalSection
	GlobalSection(ExtensibilityGlobals) = postSolution
		SolutionGuid = {BE65E47D-38E7-4499-98EF-E86DD8CE84A7}
	EndGlobalSection
EndGlobal
